
Microsoft Visual Studio Solution File, Format Version 12.00
# Visual Studio Version 16
VisualStudioVersion = 16.0.30011.22
MinimumVisualStudioVersion = 10.0.40219.1
Project("{9A19103F-16F7-4668-BE54-9A1E7A4F7556}") = "taskcore", "taskcore.csproj", "{51E85F9D-6039-4009-BA50-B8B103157437}"
EndProject
Project("{FAE04EC0-301F-11D3-BF4B-00C04F79EFBC}") = "taskcore.IntegratedTests", "..\taskcore.IntegratedTests\taskcore.IntegratedTests.csproj", "{0B021F8B-972B-4692-BD75-6785E65E4216}"
EndProject
Global
	GlobalSection(SolutionConfigurationPlatforms) = preSolution
		Debug|Any CPU = Debug|Any CPU
		Release|Any CPU = Release|Any CPU
	EndGlobalSection
	GlobalSection(ProjectConfigurationPlatforms) = postSolution
		{51E85F9D-6039-4009-BA50-B8B103157437}.Debug|Any CPU.ActiveCfg = Debug|Any CPU
		{51E85F9D-6039-4009-BA50-B8B103157437}.Debug|Any CPU.Build.0 = Debug|Any CPU
		{51E85F9D-6039-4009-BA50-B8B103157437}.Release|Any CPU.ActiveCfg = Release|Any CPU
		{51E85F9D-6039-4009-BA50-B8B103157437}.Release|Any CPU.Build.0 = Release|Any CPU
		{0B021F8B-972B-4692-BD75-6785E65E4216}.Debug|Any CPU.ActiveCfg = Debug|Any CPU
		{0B021F8B-972B-4692-BD75-6785E65E4216}.Debug|Any CPU.Build.0 = Debug|Any CPU
		{0B021F8B-972B-4692-BD75-6785E65E4216}.Release|Any CPU.ActiveCfg = Release|Any CPU
		{0B021F8B-972B-4692-BD75-6785E65E4216}.Release|Any CPU.Build.0 = Release|Any CPU
	EndGlobalSection
	GlobalSection(SolutionProperties) = preSolution
		HideSolutionNode = FALSE
	EndGlobalSection
	GlobalSection(ExtensibilityGlobals) = postSolution
		SolutionGuid = {34438FE6-87CC-4B08-8304-DD4D764410E7}
	EndGlobalSection
EndGlobal
